{
  "name": "adventure-diary-icons",
  "version": "1.0.0",
  "lockfileVersion": 3,
  "requires": true,
  "packages": {
    "": {
      "name": "adventure-diary-icons",
      "version": "1.0.0",
      "devDependencies": {
        "@tabler/icons": "^3.0.0"
      }
    },
    "node_modules/@tabler/icons": {
      "version": "3.36.0",
      "resolved": "https://registry.npmjs.org/@tabler/icons/-/icons-3.36.0.tgz",
      "integrity": "sha512-z9OfTEG6QbaQWM9KBOxxUdpgvMUn0atageXyiaSc2gmYm51ORO8Ua7eUcjlks+Dc0YMK4rrodAFdK9SfjJ4ZcA==",
      "dev": true,
      "license": "MIT",
      "funding": {
        "type": "github",
        "url": "https://github.com/sponsors/codecalm"
      }
    }
  }
}
